PODS:
  - BEMCheckBox (1.4.1)
  - Crashlytics (3.14.0):
    - Fabric (~> 1.10.2)
  - DGRunkeeperSwitch (1.1.4)
  - DropDown (2.3.13)
  - Fabric (1.10.2)
  - FLAnimatedImage (1.0.12)
  - HPTextViewTapGestureRecognizer (0.2.2)
  - ImageSlideshow (1.8.3):
    - ImageSlideshow/Core (= 1.8.3)
  - ImageSlideshow/Core (1.8.3)
  - M13ProgressSuite (1.2.9)
  - Presentr (1.9)
  - Reachability (3.2)
  - SMCoreLib (1.4.5):
    - HPTextViewTapGestureRecognizer (~> 0.1)
    - Reachability
    - SwiftyBeaver
  - SwiftyBeaver (1.8.4)
  - TTGEmojiRate (0.3.0)

DEPENDENCIES:
  - BEMCheckBox (~> 1.0)
  - Crashlytics
  - DGRunkeeperSwitch (from `../DGRunkeeperSwitch`)
  - DropDown (~> 2.3)
  - Fabric
  - FLAnimatedImage (~> 1.0)
  - ImageSlideshow (from `https://github.com/crspybits/ImageSlideshow.git`)
  - M13ProgressSuite (~> 1.2)
  - Presentr (~> 1.3)
  - SMCoreLib (~> 1.2)
  - TTGEmojiRate (~> 0.3)

SPEC REPOS:
  https://github.com/CocoaPods/Specs.git:
    - BEMCheckBox
    - Crashlytics
    - DropDown
    - Fabric
    - FLAnimatedImage
    - M13ProgressSuite
    - Presentr
    - Reachability
    - SwiftyBeaver
    - TTGEmojiRate
  https://github.com/crspybits/Specs.git:
    - HPTextViewTapGestureRecognizer
    - SMCoreLib

EXTERNAL SOURCES:
  DGRunkeeperSwitch:
    :path: "../DGRunkeeperSwitch"
  ImageSlideshow:
    :git: https://github.com/crspybits/ImageSlideshow.git

CHECKOUT OPTIONS:
  ImageSlideshow:
    :commit: 582cdeb928d08656bcfe820906b3315c1f6dbd86
    :git: https://github.com/crspybits/ImageSlideshow.git

SPEC CHECKSUMS:
  BEMCheckBox: 5ba6e37ade3d3657b36caecc35c8b75c6c2b1a4e
  Crashlytics: 540b7e5f5da5a042647227a5e3ac51d85eed06df
  DGRunkeeperSwitch: 20152d929675e5e80e0331af31e285a19ed1ddbc
  DropDown: 8a2116376c1981888557f72ec2ffc9a5e0e456ec
  Fabric: 706c8b8098fff96c33c0db69cbf81f9c551d0d74
  FLAnimatedImage: 4a0b56255d9b05f18b6dd7ee06871be5d3b89e31
  HPTextViewTapGestureRecognizer: 8b0c0edc2b40e619ec644db11c648b7b567e1789
  ImageSlideshow: 3c51006b72b23aade1363a71941ea7fea6613b11
  M13ProgressSuite: ea9f7263e73e9215e6849dfa54e29ee0ad6a145c
  Presentr: 7078d7eb5d1661ebeaae60c9e42a1e534de1b993
  Reachability: 33e18b67625424e47b6cde6d202dce689ad7af96
  SMCoreLib: 5c10eb65ba23ebe054f6a93336aae9c834ec8182
  SwiftyBeaver: f9a9aba96a6a6166e21682377804d728b0d20b95
  TTGEmojiRate: 9b295b22e42874acfd717a9ae606e259995b83d0

PODFILE CHECKSUM: c5dc76677f8e9a837ce91014069620c0b4c9d4af

COCOAPODS: 1.9.0
