// !$*UTF8*$!
{
	archiveVersion = 1;
	classes = {
	};
	objectVersion = 46;
	objects = {

/* Begin PBXBuildFile section */
		146991ADF5C9C882E6AABE63 /* Pods_WhatDidILike.framework in Frameworks */ = {isa = PBXBuildFile; fileRef = 6B2F0394E5734A520BA46C48 /* Pods_WhatDidILike.framework */; };
		574B637C32F249F5F9BA6B85 /* Pods_UnitTests.framework in Frameworks */ = {isa = PBXBuildFile; fileRef = 0BBE63A86FA2A915CD1A5741 /* Pods_UnitTests.framework */; };
		83019F891F80924400E1E117 /* BaseObject.swift in Sources */ = {isa = PBXBuildFile; fileRef = 83019F871F80924400E1E117 /* BaseObject.swift */; };
		83019F901F81730100E1E117 /* Spinner.swift in Sources */ = {isa = PBXBuildFile; fileRef = 83019F8F1F81730100E1E117 /* Spinner.swift */; };
		830CCC7E1F83276A003668B7 /* rotatingEarth.gif in Resources */ = {isa = PBXBuildFile; fileRef = 830CCC7D1F83276A003668B7 /* rotatingEarth.gif */; };
		8317E8F01F872D5A004C53BB /* LocationHeader.swift in Sources */ = {isa = PBXBuildFile; fileRef = 8317E8EF1F872D5A004C53BB /* LocationHeader.swift */; };
		8317E8F21F872D74004C53BB /* LocationHeader.xib in Resources */ = {isa = PBXBuildFile; fileRef = 8317E8F11F872D74004C53BB /* LocationHeader.xib */; };
		8317E8F41F8731DD004C53BB /* NewObject.xib in Resources */ = {isa = PBXBuildFile; fileRef = 8317E8F31F8731DD004C53BB /* NewObject.xib */; };
		8317E8F61F873204004C53BB /* NewObject.swift in Sources */ = {isa = PBXBuildFile; fileRef = 8317E8F51F873204004C53BB /* NewObject.swift */; };
		8317E8F81F876E0D004C53BB /* DeletionImpact.swift in Sources */ = {isa = PBXBuildFile; fileRef = 8317E8F71F876E0D004C53BB /* DeletionImpact.swift */; };
		831B04171F5CC297000E21C4 /* BaseObject+CoreDataProperties.swift in Sources */ = {isa = PBXBuildFile; fileRef = 831B04111F5CC297000E21C4 /* BaseObject+CoreDataProperties.swift */; };
		831B04281F5CC7BD000E21C4 /* PlaceList.swift in Sources */ = {isa = PBXBuildFile; fileRef = 831B04241F5CC7BD000E21C4 /* PlaceList.swift */; };
		831B04291F5CC7BD000E21C4 /* PlaceList+CoreDataProperties.swift in Sources */ = {isa = PBXBuildFile; fileRef = 831B04251F5CC7BD000E21C4 /* PlaceList+CoreDataProperties.swift */; };
		831B042A1F5CC7BD000E21C4 /* PlaceCategory.swift in Sources */ = {isa = PBXBuildFile; fileRef = 831B04261F5CC7BD000E21C4 /* PlaceCategory.swift */; };
		831B042B1F5CC7BD000E21C4 /* PlaceCategory+CoreDataProperties.swift in Sources */ = {isa = PBXBuildFile; fileRef = 831B04271F5CC7BD000E21C4 /* PlaceCategory+CoreDataProperties.swift */; };
		831F625A205F44E00046DB09 /* ApplySortyFilter.swift in Sources */ = {isa = PBXBuildFile; fileRef = 831F6259205F44E00046DB09 /* ApplySortyFilter.swift */; };
		8327AEB51F95BE3500E170A2 /* Rating.swift in Sources */ = {isa = PBXBuildFile; fileRef = 8327AEAF1F95BE3500E170A2 /* Rating.swift */; };
		8327AEB61F95BE3500E170A2 /* Rating+CoreDataProperties.swift in Sources */ = {isa = PBXBuildFile; fileRef = 8327AEB01F95BE3500E170A2 /* Rating+CoreDataProperties.swift */; };
		83401D9A1F5CEA4E00A96C8D /* XibBasics.swift in Sources */ = {isa = PBXBuildFile; fileRef = 83401D991F5CEA4E00A96C8D /* XibBasics.swift */; };
		83401D9C1F5CEAB000A96C8D /* Types.swift in Sources */ = {isa = PBXBuildFile; fileRef = 83401D9B1F5CEAB000A96C8D /* Types.swift */; };
		83401D9E1F5CEE8900A96C8D /* PlaceDetailsView.swift in Sources */ = {isa = PBXBuildFile; fileRef = 83401D9D1F5CEE8900A96C8D /* PlaceDetailsView.swift */; };
		83401DA01F5CEEB300A96C8D /* PlaceDetailsView.xib in Resources */ = {isa = PBXBuildFile; fileRef = 83401D9F1F5CEEB300A96C8D /* PlaceDetailsView.xib */; };
		83401DA21F5CF59F00A96C8D /* UIColor+Extras.swift in Sources */ = {isa = PBXBuildFile; fileRef = 83401DA11F5CF59F00A96C8D /* UIColor+Extras.swift */; };
		83401DA41F5CFB3D00A96C8D /* LocationView.swift in Sources */ = {isa = PBXBuildFile; fileRef = 83401DA31F5CFB3D00A96C8D /* LocationView.swift */; };
		83401DA61F5CFB5300A96C8D /* LocationView.xib in Resources */ = {isa = PBXBuildFile; fileRef = 83401DA51F5CFB5300A96C8D /* LocationView.xib */; };
		83401DA81F5CFD7400A96C8D /* Layout.swift in Sources */ = {isa = PBXBuildFile; fileRef = 83401DA71F5CFD7400A96C8D /* Layout.swift */; };
		835F44011F4AC75200A7748B /* Main.storyboard in Resources */ = {isa = PBXBuildFile; fileRef = 83D49CE21F4AC44F00409B0F /* Main.storyboard */; };
		835F44021F4AC76C00A7748B /* MainListVC.swift in Sources */ = {isa = PBXBuildFile; fileRef = 83D49CE31F4AC44F00409B0F /* MainListVC.swift */; };
		8366CD3D1F7CA65F00E9D6FF /* Map.m in Sources */ = {isa = PBXBuildFile; fileRef = 8366CD331F7CA65F00E9D6FF /* Map.m */; };
		8366CD3E1F7CA65F00E9D6FF /* MapAnnotation.m in Sources */ = {isa = PBXBuildFile; fileRef = 8366CD341F7CA65F00E9D6FF /* MapAnnotation.m */; };
		8366CD3F1F7CA65F00E9D6FF /* GeocodeAddressToLatLong.m in Sources */ = {isa = PBXBuildFile; fileRef = 8366CD391F7CA65F00E9D6FF /* GeocodeAddressToLatLong.m */; };
		8366CD401F7CA65F00E9D6FF /* LatLong.m in Sources */ = {isa = PBXBuildFile; fileRef = 8366CD3C1F7CA65F00E9D6FF /* LatLong.m */; };
		836F7850241961200006D7CA /* Recommendations.swift in Sources */ = {isa = PBXBuildFile; fileRef = 836F784F241961200006D7CA /* Recommendations.swift */; };
		837788EA1F6607020014B8A2 /* UIViewController+Scrolling.swift in Sources */ = {isa = PBXBuildFile; fileRef = 837788E91F6607010014B8A2 /* UIViewController+Scrolling.swift */; };
		837788ED1F6608670014B8A2 /* UIResponder+FirstResponder.m in Sources */ = {isa = PBXBuildFile; fileRef = 837788EB1F6608670014B8A2 /* UIResponder+FirstResponder.m */; };
		837788EF1F66151F0014B8A2 /* UITextField+Extras.swift in Sources */ = {isa = PBXBuildFile; fileRef = 837788EE1F66151F0014B8A2 /* UITextField+Extras.swift */; };
		837788F31F6673470014B8A2 /* TextField.swift in Sources */ = {isa = PBXBuildFile; fileRef = 837788F21F6673470014B8A2 /* TextField.swift */; };
		837E12591F8F2BBA00D8E4E1 /* ConvertFromV1.swift in Sources */ = {isa = PBXBuildFile; fileRef = 837E12581F8F2BBA00D8E4E1 /* ConvertFromV1.swift */; };
		837E12601F8F2C4C00D8E4E1 /* CommentPromptVC.swift in Sources */ = {isa = PBXBuildFile; fileRef = 837E125E1F8F2C4C00D8E4E1 /* CommentPromptVC.swift */; };
		837E12611F8F2C4C00D8E4E1 /* CommentPromptVC.xib in Resources */ = {isa = PBXBuildFile; fileRef = 837E125F1F8F2C4C00D8E4E1 /* CommentPromptVC.xib */; };
		837E12671F90827A00D8E4E1 /* Parameters.swift in Sources */ = {isa = PBXBuildFile; fileRef = 837E12661F90827A00D8E4E1 /* Parameters.swift */; };
		8385206A1F8B2A77001D97D3 /* ImagesView.swift in Sources */ = {isa = PBXBuildFile; fileRef = 838520681F8B2A77001D97D3 /* ImagesView.swift */; };
		8385206B1F8B2A77001D97D3 /* ImagesView.xib in Resources */ = {isa = PBXBuildFile; fileRef = 838520691F8B2A77001D97D3 /* ImagesView.xib */; };
		8394680A205C8E2B0009C318 /* SortyFilter.xib in Resources */ = {isa = PBXBuildFile; fileRef = 83946809205C8E2B0009C318 /* SortyFilter.xib */; };
		8394680C205C8EF40009C318 /* SortyFilter.swift in Sources */ = {isa = PBXBuildFile; fileRef = 8394680B205C8EF40009C318 /* SortyFilter.swift */; };
		8394680E205CAD510009C318 /* SegmentedControl.swift in Sources */ = {isa = PBXBuildFile; fileRef = 8394680D205CAD510009C318 /* SegmentedControl.swift */; };
		83946812205CB70D0009C318 /* SortControl.xib in Resources */ = {isa = PBXBuildFile; fileRef = 83946811205CB70D0009C318 /* SortControl.xib */; };
		83946814205CB7180009C318 /* SortControl.swift in Sources */ = {isa = PBXBuildFile; fileRef = 83946813205CB7180009C318 /* SortControl.swift */; };
		8396CE381F4BCB8A00660D73 /* Item.swift in Sources */ = {isa = PBXBuildFile; fileRef = 8396CE2E1F4BCB8A00660D73 /* Item.swift */; };
		8396CE391F4BCB8A00660D73 /* Item+CoreDataProperties.swift in Sources */ = {isa = PBXBuildFile; fileRef = 8396CE2F1F4BCB8A00660D73 /* Item+CoreDataProperties.swift */; };
		8396CE3A1F4BCB8A00660D73 /* Place.swift in Sources */ = {isa = PBXBuildFile; fileRef = 8396CE301F4BCB8A00660D73 /* Place.swift */; };
		8396CE3E1F4BCB8A00660D73 /* Location.swift in Sources */ = {isa = PBXBuildFile; fileRef = 8396CE341F4BCB8A00660D73 /* Location.swift */; };
		8396CE401F4BCB8A00660D73 /* Comment.swift in Sources */ = {isa = PBXBuildFile; fileRef = 8396CE361F4BCB8A00660D73 /* Comment.swift */; };
		8396CE411F4BCB8A00660D73 /* Comment+CoreDataProperties.swift in Sources */ = {isa = PBXBuildFile; fileRef = 8396CE371F4BCB8A00660D73 /* Comment+CoreDataProperties.swift */; };
		839DE8AD2057B5A500FD83A5 /* MainListPlaceView.swift in Sources */ = {isa = PBXBuildFile; fileRef = 839DE8AC2057B5A500FD83A5 /* MainListPlaceView.swift */; };
		839DE8AF2057B5CD00FD83A5 /* MainListPlaceView.xib in Resources */ = {isa = PBXBuildFile; fileRef = 839DE8AE2057B5CD00FD83A5 /* MainListPlaceView.xib */; };
		83A2D5E01F5CD6B60003C5F9 /* Image.swift in Sources */ = {isa = PBXBuildFile; fileRef = 83A2D5DC1F5CD6B60003C5F9 /* Image.swift */; };
		83A2D5E11F5CD6B60003C5F9 /* Image+CoreDataProperties.swift in Sources */ = {isa = PBXBuildFile; fileRef = 83A2D5DD1F5CD6B60003C5F9 /* Image+CoreDataProperties.swift */; };
		83A2D5E51F5CE1160003C5F9 /* PlaceNameView.swift in Sources */ = {isa = PBXBuildFile; fileRef = 83A2D5E41F5CE1160003C5F9 /* PlaceNameView.swift */; };
		83A2D5E71F5CE1310003C5F9 /* PlaceNameView.xib in Resources */ = {isa = PBXBuildFile; fileRef = 83A2D5E61F5CE1310003C5F9 /* PlaceNameView.xib */; };
		83A2D5E91F5CE33A0003C5F9 /* Place.storyboard in Resources */ = {isa = PBXBuildFile; fileRef = 83A2D5E81F5CE33A0003C5F9 /* Place.storyboard */; };
		83A2D5EB1F5CE3670003C5F9 /* PlaceVC.swift in Sources */ = {isa = PBXBuildFile; fileRef = 83A2D5EA1F5CE3670003C5F9 /* PlaceVC.swift */; };
		83A2D5ED1F5CE4330003C5F9 /* PlaceVCCell.swift in Sources */ = {isa = PBXBuildFile; fileRef = 83A2D5EC1F5CE4330003C5F9 /* PlaceVCCell.swift */; };
		83A597BE1F6788ED00736DE2 /* TextView.swift in Sources */ = {isa = PBXBuildFile; fileRef = 83A597BD1F6788ED00736DE2 /* TextView.swift */; };
		83A597C01F67961600736DE2 /* ListManager.swift in Sources */ = {isa = PBXBuildFile; fileRef = 83A597BF1F67961600736DE2 /* ListManager.swift */; };
		83A597C61F67A24100736DE2 /* ListManager.xib in Resources */ = {isa = PBXBuildFile; fileRef = 83A597C41F67A24100736DE2 /* ListManager.xib */; };
		83B496BD1F4BD0830083610D /* Identifiers.swift in Sources */ = {isa = PBXBuildFile; fileRef = 83B496BC1F4BCFB50083610D /* Identifiers.swift */; };
		83B496C11F4BDE300083610D /* CoreDataExtras.swift in Sources */ = {isa = PBXBuildFile; fileRef = 83B496C01F4BDE300083610D /* CoreDataExtras.swift */; };
		83B496C51F4BE0F40083610D /* Place+CoreDataProperties.swift in Sources */ = {isa = PBXBuildFile; fileRef = 83B496C41F4BE0F40083610D /* Place+CoreDataProperties.swift */; };
		83B5337E1F5D0A6D0028E6B5 /* CommentView.swift in Sources */ = {isa = PBXBuildFile; fileRef = 83B5337D1F5D0A6D0028E6B5 /* CommentView.swift */; };
		83B533801F5D0A980028E6B5 /* CommentView.xib in Resources */ = {isa = PBXBuildFile; fileRef = 83B5337F1F5D0A980028E6B5 /* CommentView.xib */; };
		83B533821F5D0C450028E6B5 /* RatingView.swift in Sources */ = {isa = PBXBuildFile; fileRef = 83B533811F5D0C450028E6B5 /* RatingView.swift */; };
		83B533841F5D0C670028E6B5 /* RatingView.xib in Resources */ = {isa = PBXBuildFile; fileRef = 83B533831F5D0C670028E6B5 /* RatingView.xib */; };
		83D49CD11F4AC26A00409B0F /* WhatDidILike.xcdatamodeld in Sources */ = {isa = PBXBuildFile; fileRef = 83D49CCA1F4AC26900409B0F /* WhatDidILike.xcdatamodeld */; };
		83D49CD21F4AC26A00409B0F /* AppDelegate.swift in Sources */ = {isa = PBXBuildFile; fileRef = 83D49CCD1F4AC26A00409B0F /* AppDelegate.swift */; };
		83D49CD31F4AC26A00409B0F /* LaunchScreen.storyboard in Resources */ = {isa = PBXBuildFile; fileRef = 83D49CCE1F4AC26A00409B0F /* LaunchScreen.storyboard */; };
		83D49CD91F4AC2AA00409B0F /* Assets.xcassets in Resources */ = {isa = PBXBuildFile; fileRef = 83D49CD71F4AC2AA00409B0F /* Assets.xcassets */; };
		83D49CDF1F4AC2C700409B0F /* WhatDidILikeTests.swift in Sources */ = {isa = PBXBuildFile; fileRef = 83D49CDD1F4AC2C700409B0F /* WhatDidILikeTests.swift */; };
		83D49CE41F4AC44F00409B0F /* Main.storyboard in Resources */ = {isa = PBXBuildFile; fileRef = 83D49CE21F4AC44F00409B0F /* Main.storyboard */; };
		83D752CA1F93D73E00EF4E5D /* Location+CoreDataProperties.swift in Sources */ = {isa = PBXBuildFile; fileRef = 83D752C71F93D68000EF4E5D /* Location+CoreDataProperties.swift */; };
		83D752CC1F93D9BE00EF4E5D /* GPS+Extras.swift in Sources */ = {isa = PBXBuildFile; fileRef = 83D752CB1F93D9BE00EF4E5D /* GPS+Extras.swift */; };
		83DD5FC61F89ADAC00B23331 /* ShowHideState.swift in Sources */ = {isa = PBXBuildFile; fileRef = 83DD5FC51F89ADAC00B23331 /* ShowHideState.swift */; };
		83EE7DCD1F5D118700628CA8 /* ItemNameView.swift in Sources */ = {isa = PBXBuildFile; fileRef = 83B5337B1F5D09E70028E6B5 /* ItemNameView.swift */; };
		83EE7DCE1F5D164B00628CA8 /* ItemNameView.xib in Resources */ = {isa = PBXBuildFile; fileRef = 83B5337A1F5D09E70028E6B5 /* ItemNameView.xib */; };
		83EE7DD21F5DB9F300628CA8 /* PlaceVCCell.xib in Resources */ = {isa = PBXBuildFile; fileRef = 83EE7DD01F5DB9F300628CA8 /* PlaceVCCell.xib */; };
		83FC6420206229490070A7FA /* Settings.bundle in Resources */ = {isa = PBXBuildFile; fileRef = 83FC641F206229490070A7FA /* Settings.bundle */; };
/* End PBXBuildFile section */

/* Begin PBXContainerItemProxy section */
		83D49CBA1F4AC16100409B0F /* PBXContainerItemProxy */ = {
			isa = PBXContainerItemProxy;
			containerPortal = 83D49C9A1F4AC16100409B0F /* Project object */;
			proxyType = 1;
			remoteGlobalIDString = 83D49CA11F4AC16100409B0F;
			remoteInfo = WhatDidILike;
		};
/* End PBXContainerItemProxy section */

/* Begin PBXFileReference section */
		0BBE63A86FA2A915CD1A5741 /* Pods_UnitTests.framework */ = {isa = PBXFileReference; explicitFileType = wrapper.framework; includeInIndex = 0; path = Pods_UnitTests.framework; sourceTree = BUILT_PRODUCTS_DIR; };
		53DBFE2078F6DB8452485085 /* Pods-WhatDidILike.release.xcconfig */ = {isa = PBXFileReference; includeInIndex = 1; lastKnownFileType = text.xcconfig; name = "Pods-WhatDidILike.release.xcconfig"; path = "Pods/Target Support Files/Pods-WhatDidILike/Pods-WhatDidILike.release.xcconfig"; sourceTree = "<group>"; };
		6B2F0394E5734A520BA46C48 /* Pods_WhatDidILike.framework */ = {isa = PBXFileReference; explicitFileType = wrapper.framework; includeInIndex = 0; path = Pods_WhatDidILike.framework; sourceTree = BUILT_PRODUCTS_DIR; };
		767157CB74F1949882EDA2C1 /* Pods-UnitTests.release.xcconfig */ = {isa = PBXFileReference; includeInIndex = 1; lastKnownFileType = text.xcconfig; name = "Pods-UnitTests.release.xcconfig"; path = "Pods/Target Support Files/Pods-UnitTests/Pods-UnitTests.release.xcconfig"; sourceTree = "<group>"; };
		83019F871F80924400E1E117 /* BaseObject.swift */ = {isa = PBXFileReference; lastKnownFileType = sourcecode.swift; path = BaseObject.swift; sourceTree = "<group>"; };
		83019F8F1F81730100E1E117 /* Spinner.swift */ = {isa = PBXFileReference; fileEncoding = 4; lastKnownFileType = sourcecode.swift; path = Spinner.swift; sourceTree = "<group>"; };
		830CCC7D1F83276A003668B7 /* rotatingEarth.gif */ = {isa = PBXFileReference; lastKnownFileType = image.gif; path = rotatingEarth.gif; sourceTree = "<group>"; };
		8317E8EF1F872D5A004C53BB /* LocationHeader.swift */ = {isa = PBXFileReference; lastKnownFileType = sourcecode.swift; name = LocationHeader.swift; path = Features/Place/LocationHeader.swift; sourceTree = "<group>"; };
		8317E8F11F872D74004C53BB /* LocationHeader.xib */ = {isa = PBXFileReference; lastKnownFileType = file.xib; name = LocationHeader.xib; path = Features/Place/LocationHeader.xib; sourceTree = "<group>"; };
		8317E8F31F8731DD004C53BB /* NewObject.xib */ = {isa = PBXFileReference; lastKnownFileType = file.xib; name = NewObject.xib; path = Features/Place/NewObject.xib; sourceTree = "<group>"; };
		8317E8F51F873204004C53BB /* NewObject.swift */ = {isa = PBXFileReference; lastKnownFileType = sourcecode.swift; name = NewObject.swift; path = Features/Place/NewObject.swift; sourceTree = "<group>"; };
		8317E8F71F876E0D004C53BB /* DeletionImpact.swift */ = {isa = PBXFileReference; lastKnownFileType = sourcecode.swift; name = DeletionImpact.swift; path = Features/Place/DeletionImpact.swift; sourceTree = "<group>"; };
		831B04111F5CC297000E21C4 /* BaseObject+CoreDataProperties.swift */ = {isa = PBXFileReference; lastKnownFileType = sourcecode.swift; path = "BaseObject+CoreDataProperties.swift"; sourceTree = "<group>"; };
		831B04241F5CC7BD000E21C4 /* PlaceList.swift */ = {isa = PBXFileReference; lastKnownFileType = sourcecode.swift; path = PlaceList.swift; sourceTree = "<group>"; };
		831B04251F5CC7BD000E21C4 /* PlaceList+CoreDataProperties.swift */ = {isa = PBXFileReference; lastKnownFileType = sourcecode.swift; path = "PlaceList+CoreDataProperties.swift"; sourceTree = "<group>"; };
		831B04261F5CC7BD000E21C4 /* PlaceCategory.swift */ = {isa = PBXFileReference; lastKnownFileType = sourcecode.swift; path = PlaceCategory.swift; sourceTree = "<group>"; };
		831B04271F5CC7BD000E21C4 /* PlaceCategory+CoreDataProperties.swift */ = {isa = PBXFileReference; lastKnownFileType = sourcecode.swift; path = "PlaceCategory+CoreDataProperties.swift"; sourceTree = "<group>"; };
		831F6259205F44E00046DB09 /* ApplySortyFilter.swift */ = {isa = PBXFileReference; lastKnownFileType = sourcecode.swift; path = ApplySortyFilter.swift; sourceTree = "<group>"; };
		8327AEAF1F95BE3500E170A2 /* Rating.swift */ = {isa = PBXFileReference; lastKnownFileType = sourcecode.swift; path = Rating.swift; sourceTree = "<group>"; };
		8327AEB01F95BE3500E170A2 /* Rating+CoreDataProperties.swift */ = {isa = PBXFileReference; lastKnownFileType = sourcecode.swift; path = "Rating+CoreDataProperties.swift"; sourceTree = "<group>"; };
		83401D991F5CEA4E00A96C8D /* XibBasics.swift */ = {isa = PBXFileReference; lastKnownFileType = sourcecode.swift; path = XibBasics.swift; sourceTree = "<group>"; };
		83401D9B1F5CEAB000A96C8D /* Types.swift */ = {isa = PBXFileReference; lastKnownFileType = sourcecode.swift; path = Types.swift; sourceTree = "<group>"; };
		83401D9D1F5CEE8900A96C8D /* PlaceDetailsView.swift */ = {isa = PBXFileReference; lastKnownFileType = sourcecode.swift; name = PlaceDetailsView.swift; path = Features/Place/PlaceDetailsView.swift; sourceTree = "<group>"; };
		83401D9F1F5CEEB300A96C8D /* PlaceDetailsView.xib */ = {isa = PBXFileReference; lastKnownFileType = file.xib; name = PlaceDetailsView.xib; path = Features/Place/PlaceDetailsView.xib; sourceTree = "<group>"; };
		83401DA11F5CF59F00A96C8D /* UIColor+Extras.swift */ = {isa = PBXFileReference; lastKnownFileType = sourcecode.swift; path = "UIColor+Extras.swift"; sourceTree = "<group>"; };
		83401DA31F5CFB3D00A96C8D /* LocationView.swift */ = {isa = PBXFileReference; lastKnownFileType = sourcecode.swift; name = LocationView.swift; path = Features/Place/LocationView.swift; sourceTree = "<group>"; };
		83401DA51F5CFB5300A96C8D /* LocationView.xib */ = {isa = PBXFileReference; lastKnownFileType = file.xib; name = LocationView.xib; path = Features/Place/LocationView.xib; sourceTree = "<group>"; };
		83401DA71F5CFD7400A96C8D /* Layout.swift */ = {isa = PBXFileReference; lastKnownFileType = sourcecode.swift; path = Layout.swift; sourceTree = "<group>"; };
		8366CD331F7CA65F00E9D6FF /* Map.m */ = {isa = PBXFileReference; fileEncoding = 4; lastKnownFileType = sourcecode.c.objc; name = Map.m; path = Features/Location/Map.m; sourceTree = "<group>"; };
		8366CD341F7CA65F00E9D6FF /* MapAnnotation.m */ = {isa = PBXFileReference; fileEncoding = 4; lastKnownFileType = sourcecode.c.objc; name = MapAnnotation.m; path = Features/Location/MapAnnotation.m; sourceTree = "<group>"; };
		8366CD351F7CA65F00E9D6FF /* Map.h */ = {isa = PBXFileReference; fileEncoding = 4; lastKnownFileType = sourcecode.c.h; name = Map.h; path = Features/Location/Map.h; sourceTree = "<group>"; };
		8366CD361F7CA65F00E9D6FF /* GeocodeAddressToLatLongDelegate.h */ = {isa = PBXFileReference; fileEncoding = 4; lastKnownFileType = sourcecode.c.h; name = GeocodeAddressToLatLongDelegate.h; path = Features/Location/GeocodeAddressToLatLongDelegate.h; sourceTree = "<group>"; };
		8366CD371F7CA65F00E9D6FF /* LatLong.h */ = {isa = PBXFileReference; fileEncoding = 4; lastKnownFileType = sourcecode.c.h; name = LatLong.h; path = Features/Location/LatLong.h; sourceTree = "<group>"; };
		8366CD381F7CA65F00E9D6FF /* MapAnnotation.h */ = {isa = PBXFileReference; fileEncoding = 4; lastKnownFileType = sourcecode.c.h; name = MapAnnotation.h; path = Features/Location/MapAnnotation.h; sourceTree = "<group>"; };
		8366CD391F7CA65F00E9D6FF /* GeocodeAddressToLatLong.m */ = {isa = PBXFileReference; fileEncoding = 4; lastKnownFileType = sourcecode.c.objc; name = GeocodeAddressToLatLong.m; path = Features/Location/GeocodeAddressToLatLong.m; sourceTree = "<group>"; };
		8366CD3A1F7CA65F00E9D6FF /* LatLongDelegate.h */ = {isa = PBXFileReference; fileEncoding = 4; lastKnownFileType = sourcecode.c.h; name = LatLongDelegate.h; path = Features/Location/LatLongDelegate.h; sourceTree = "<group>"; };
		8366CD3B1F7CA65F00E9D6FF /* GeocodeAddressToLatLong.h */ = {isa = PBXFileReference; fileEncoding = 4; lastKnownFileType = sourcecode.c.h; name = GeocodeAddressToLatLong.h; path = Features/Location/GeocodeAddressToLatLong.h; sourceTree = "<group>"; };
		8366CD3C1F7CA65F00E9D6FF /* LatLong.m */ = {isa = PBXFileReference; fileEncoding = 4; lastKnownFileType = sourcecode.c.objc; name = LatLong.m; path = Features/Location/LatLong.m; sourceTree = "<group>"; };
		836F784F241961200006D7CA /* Recommendations.swift */ = {isa = PBXFileReference; lastKnownFileType = sourcecode.swift; path = Recommendations.swift; sourceTree = "<group>"; };
		836F7851241ABEA60006D7CA /* WhatDidILike.v3.xcdatamodel */ = {isa = PBXFileReference; lastKnownFileType = wrapper.xcdatamodel; path = WhatDidILike.v3.xcdatamodel; sourceTree = "<group>"; };
		837788E91F6607010014B8A2 /* UIViewController+Scrolling.swift */ = {isa = PBXFileReference; lastKnownFileType = sourcecode.swift; path = "UIViewController+Scrolling.swift"; sourceTree = "<group>"; };
		837788EB1F6608670014B8A2 /* UIResponder+FirstResponder.m */ = {isa = PBXFileReference; lastKnownFileType = sourcecode.c.objc; path = "UIResponder+FirstResponder.m"; sourceTree = "<group>"; };
		837788EC1F6608670014B8A2 /* UIResponder+FirstResponder.h */ = {isa = PBXFileReference; lastKnownFileType = sourcecode.c.h; path = "UIResponder+FirstResponder.h"; sourceTree = "<group>"; };
		837788EE1F66151F0014B8A2 /* UITextField+Extras.swift */ = {isa = PBXFileReference; lastKnownFileType = sourcecode.swift; path = "UITextField+Extras.swift"; sourceTree = "<group>"; };
		837788F21F6673470014B8A2 /* TextField.swift */ = {isa = PBXFileReference; lastKnownFileType = sourcecode.swift; path = TextField.swift; sourceTree = "<group>"; };
		837E12581F8F2BBA00D8E4E1 /* ConvertFromV1.swift */ = {isa = PBXFileReference; fileEncoding = 4; lastKnownFileType = sourcecode.swift; name = ConvertFromV1.swift; path = Features/Conversion/ConvertFromV1.swift; sourceTree = "<group>"; };
		837E125E1F8F2C4C00D8E4E1 /* CommentPromptVC.swift */ = {isa = PBXFileReference; lastKnownFileType = sourcecode.swift; name = CommentPromptVC.swift; path = Features/Conversion/CommentPromptVC.swift; sourceTree = "<group>"; };
		837E125F1F8F2C4C00D8E4E1 /* CommentPromptVC.xib */ = {isa = PBXFileReference; lastKnownFileType = file.xib; name = CommentPromptVC.xib; path = Features/Conversion/CommentPromptVC.xib; sourceTree = "<group>"; };
		837E12661F90827A00D8E4E1 /* Parameters.swift */ = {isa = PBXFileReference; fileEncoding = 4; lastKnownFileType = sourcecode.swift; path = Parameters.swift; sourceTree = "<group>"; };
		838520681F8B2A77001D97D3 /* ImagesView.swift */ = {isa = PBXFileReference; fileEncoding = 4; lastKnownFileType = sourcecode.swift; name = ImagesView.swift; path = Features/Place/ImagesView.swift; sourceTree = "<group>"; };
		838520691F8B2A77001D97D3 /* ImagesView.xib */ = {isa = PBXFileReference; fileEncoding = 4; lastKnownFileType = file.xib; path = ImagesView.xib; sourceTree = "<group>"; };
		83946809205C8E2B0009C318 /* SortyFilter.xib */ = {isa = PBXFileReference; lastKnownFileType = file.xib; path = SortyFilter.xib; sourceTree = "<group>"; };
		8394680B205C8EF40009C318 /* SortyFilter.swift */ = {isa = PBXFileReference; lastKnownFileType = sourcecode.swift; path = SortyFilter.swift; sourceTree = "<group>"; };
		8394680D205CAD510009C318 /* SegmentedControl.swift */ = {isa = PBXFileReference; lastKnownFileType = sourcecode.swift; path = SegmentedControl.swift; sourceTree = "<group>"; };
		83946811205CB70D0009C318 /* SortControl.xib */ = {isa = PBXFileReference; lastKnownFileType = file.xib; path = SortControl.xib; sourceTree = "<group>"; };
		83946813205CB7180009C318 /* SortControl.swift */ = {isa = PBXFileReference; lastKnownFileType = sourcecode.swift; path = SortControl.swift; sourceTree = "<group>"; };
		8396CE2D1F4BCAD500660D73 /* WhatDidILike-Bridging-Header.h */ = {isa = PBXFileReference; lastKnownFileType = sourcecode.c.h; path = "WhatDidILike-Bridging-Header.h"; sourceTree = "<group>"; };
		8396CE2E1F4BCB8A00660D73 /* Item.swift */ = {isa = PBXFileReference; fileEncoding = 4; lastKnownFileType = sourcecode.swift; path = Item.swift; sourceTree = "<group>"; };
		8396CE2F1F4BCB8A00660D73 /* Item+CoreDataProperties.swift */ = {isa = PBXFileReference; fileEncoding = 4; lastKnownFileType = sourcecode.swift; path = "Item+CoreDataProperties.swift"; sourceTree = "<group>"; };
		8396CE301F4BCB8A00660D73 /* Place.swift */ = {isa = PBXFileReference; fileEncoding = 4; lastKnownFileType = sourcecode.swift; path = Place.swift; sourceTree = "<group>"; };
		8396CE341F4BCB8A00660D73 /* Location.swift */ = {isa = PBXFileReference; fileEncoding = 4; lastKnownFileType = sourcecode.swift; path = Location.swift; sourceTree = "<group>"; };
		8396CE361F4BCB8A00660D73 /* Comment.swift */ = {isa = PBXFileReference; fileEncoding = 4; lastKnownFileType = sourcecode.swift; path = Comment.swift; sourceTree = "<group>"; };
		8396CE371F4BCB8A00660D73 /* Comment+CoreDataProperties.swift */ = {isa = PBXFileReference; fileEncoding = 4; lastKnownFileType = sourcecode.swift; path = "Comment+CoreDataProperties.swift"; sourceTree = "<group>"; };
		839DE8AC2057B5A500FD83A5 /* MainListPlaceView.swift */ = {isa = PBXFileReference; lastKnownFileType = sourcecode.swift; name = MainListPlaceView.swift; path = "Features/Main List/MainListPlaceView.swift"; sourceTree = "<group>"; };
		839DE8AE2057B5CD00FD83A5 /* MainListPlaceView.xib */ = {isa = PBXFileReference; lastKnownFileType = file.xib; name = MainListPlaceView.xib; path = "Features/Main List/MainListPlaceView.xib"; sourceTree = "<group>"; };
		83A0C331205A3CF4009C3AC9 /* WhatDidILike.v2.xcdatamodel */ = {isa = PBXFileReference; lastKnownFileType = wrapper.xcdatamodel; path = WhatDidILike.v2.xcdatamodel; sourceTree = "<group>"; };
		83A2D5DC1F5CD6B60003C5F9 /* Image.swift */ = {isa = PBXFileReference; lastKnownFileType = sourcecode.swift; path = Image.swift; sourceTree = "<group>"; };
		83A2D5DD1F5CD6B60003C5F9 /* Image+CoreDataProperties.swift */ = {isa = PBXFileReference; lastKnownFileType = sourcecode.swift; path = "Image+CoreDataProperties.swift"; sourceTree = "<group>"; };
		83A2D5E41F5CE1160003C5F9 /* PlaceNameView.swift */ = {isa = PBXFileReference; lastKnownFileType = sourcecode.swift; name = PlaceNameView.swift; path = Features/Place/PlaceNameView.swift; sourceTree = "<group>"; };
		83A2D5E61F5CE1310003C5F9 /* PlaceNameView.xib */ = {isa = PBXFileReference; lastKnownFileType = file.xib; name = PlaceNameView.xib; path = Features/Place/PlaceNameView.xib; sourceTree = "<group>"; };
		83A2D5E81F5CE33A0003C5F9 /* Place.storyboard */ = {isa = PBXFileReference; lastKnownFileType = file.storyboard; name = Place.storyboard; path = Features/Place/Place.storyboard; sourceTree = "<group>"; };
		83A2D5EA1F5CE3670003C5F9 /* PlaceVC.swift */ = {isa = PBXFileReference; lastKnownFileType = sourcecode.swift; name = PlaceVC.swift; path = Features/Place/PlaceVC.swift; sourceTree = "<group>"; };
		83A2D5EC1F5CE4330003C5F9 /* PlaceVCCell.swift */ = {isa = PBXFileReference; lastKnownFileType = sourcecode.swift; name = PlaceVCCell.swift; path = Features/Place/PlaceVCCell.swift; sourceTree = "<group>"; };
		83A597BD1F6788ED00736DE2 /* TextView.swift */ = {isa = PBXFileReference; lastKnownFileType = sourcecode.swift; path = TextView.swift; sourceTree = "<group>"; };
		83A597BF1F67961600736DE2 /* ListManager.swift */ = {isa = PBXFileReference; lastKnownFileType = sourcecode.swift; path = ListManager.swift; sourceTree = "<group>"; };
		83A597C41F67A24100736DE2 /* ListManager.xib */ = {isa = PBXFileReference; lastKnownFileType = file.xib; path = ListManager.xib; sourceTree = "<group>"; };
		83B496BC1F4BCFB50083610D /* Identifiers.swift */ = {isa = PBXFileReference; lastKnownFileType = sourcecode.swift; path = Identifiers.swift; sourceTree = "<group>"; };
		83B496C01F4BDE300083610D /* CoreDataExtras.swift */ = {isa = PBXFileReference; lastKnownFileType = sourcecode.swift; path = CoreDataExtras.swift; sourceTree = "<group>"; };
		83B496C41F4BE0F40083610D /* Place+CoreDataProperties.swift */ = {isa = PBXFileReference; lastKnownFileType = sourcecode.swift; path = "Place+CoreDataProperties.swift"; sourceTree = "<group>"; };
		83B5337A1F5D09E70028E6B5 /* ItemNameView.xib */ = {isa = PBXFileReference; lastKnownFileType = file.xib; name = ItemNameView.xib; path = Features/Place/ItemNameView.xib; sourceTree = "<group>"; };
		83B5337B1F5D09E70028E6B5 /* ItemNameView.swift */ = {isa = PBXFileReference; lastKnownFileType = sourcecode.swift; name = ItemNameView.swift; path = Features/Place/ItemNameView.swift; sourceTree = "<group>"; };
		83B5337D1F5D0A6D0028E6B5 /* CommentView.swift */ = {isa = PBXFileReference; lastKnownFileType = sourcecode.swift; name = CommentView.swift; path = Features/Place/CommentView.swift; sourceTree = "<group>"; };
		83B5337F1F5D0A980028E6B5 /* CommentView.xib */ = {isa = PBXFileReference; lastKnownFileType = file.xib; name = CommentView.xib; path = Features/Place/CommentView.xib; sourceTree = "<group>"; };
		83B533811F5D0C450028E6B5 /* RatingView.swift */ = {isa = PBXFileReference; lastKnownFileType = sourcecode.swift; name = RatingView.swift; path = Features/Place/RatingView.swift; sourceTree = "<group>"; };
		83B533831F5D0C670028E6B5 /* RatingView.xib */ = {isa = PBXFileReference; lastKnownFileType = file.xib; name = RatingView.xib; path = Features/Place/RatingView.xib; sourceTree = "<group>"; };
		83D49CA21F4AC16100409B0F /* WhatDidILike.app */ = {isa = PBXFileReference; explicitFileType = wrapper.application; includeInIndex = 0; path = WhatDidILike.app; sourceTree = BUILT_PRODUCTS_DIR; };
		83D49CB91F4AC16100409B0F /* UnitTests.xctest */ = {isa = PBXFileReference; explicitFileType = wrapper.cfbundle; includeInIndex = 0; path = UnitTests.xctest; sourceTree = BUILT_PRODUCTS_DIR; };
		83D49CCB1F4AC26900409B0F /* WhatDidILike.xcdatamodel */ = {isa = PBXFileReference; lastKnownFileType = wrapper.xcdatamodel; path = WhatDidILike.xcdatamodel; sourceTree = "<group>"; };
		83D49CCD1F4AC26A00409B0F /* AppDelegate.swift */ = {isa = PBXFileReference; fileEncoding = 4; lastKnownFileType = sourcecode.swift; path = AppDelegate.swift; sourceTree = "<group>"; };
		83D49CCE1F4AC26A00409B0F /* LaunchScreen.storyboard */ = {isa = PBXFileReference; fileEncoding = 4; lastKnownFileType = file.storyboard; path = LaunchScreen.storyboard; sourceTree = "<group>"; };
		83D49CD71F4AC2AA00409B0F /* Assets.xcassets */ = {isa = PBXFileReference; lastKnownFileType = folder.assetcatalog; path = Assets.xcassets; sourceTree = "<group>"; };
		83D49CD81F4AC2AA00409B0F /* Info.plist */ = {isa = PBXFileReference; fileEncoding = 4; lastKnownFileType = text.plist.xml; path = Info.plist; sourceTree = "<group>"; };
		83D49CDC1F4AC2C700409B0F /* Info.plist */ = {isa = PBXFileReference; fileEncoding = 4; lastKnownFileType = text.plist.xml; path = Info.plist; sourceTree = "<group>"; };
		83D49CDD1F4AC2C700409B0F /* WhatDidILikeTests.swift */ = {isa = PBXFileReference; fileEncoding = 4; lastKnownFileType = sourcecode.swift; path = WhatDidILikeTests.swift; sourceTree = "<group>"; };
		83D49CE21F4AC44F00409B0F /* Main.storyboard */ = {isa = PBXFileReference; fileEncoding = 4; lastKnownFileType = file.storyboard; name = Main.storyboard; path = "Features/Main List/Main.storyboard"; sourceTree = "<group>"; };
		83D49CE31F4AC44F00409B0F /* MainListVC.swift */ = {isa = PBXFileReference; fileEncoding = 4; lastKnownFileType = sourcecode.swift; name = MainListVC.swift; path = "Features/Main List/MainListVC.swift"; sourceTree = "<group>"; };
		83D752C71F93D68000EF4E5D /* Location+CoreDataProperties.swift */ = {isa = PBXFileReference; lastKnownFileType = sourcecode.swift; path = "Location+CoreDataProperties.swift"; sourceTree = "<group>"; };
		83D752CB1F93D9BE00EF4E5D /* GPS+Extras.swift */ = {isa = PBXFileReference; lastKnownFileType = sourcecode.swift; name = "GPS+Extras.swift"; path = "Features/Place/GPS+Extras.swift"; sourceTree = "<group>"; };
		83DD5FC51F89ADAC00B23331 /* ShowHideState.swift */ = {isa = PBXFileReference; lastKnownFileType = sourcecode.swift; name = ShowHideState.swift; path = Features/Place/ShowHideState.swift; sourceTree = "<group>"; };
		83EE7DD01F5DB9F300628CA8 /* PlaceVCCell.xib */ = {isa = PBXFileReference; lastKnownFileType = file.xib; name = PlaceVCCell.xib; path = Features/Place/PlaceVCCell.xib; sourceTree = "<group>"; };
		83FC641F206229490070A7FA /* Settings.bundle */ = {isa = PBXFileReference; lastKnownFileType = "wrapper.plug-in"; path = Settings.bundle; sourceTree = "<group>"; };
		C19DC61269D8F3C48ED7774F /* Pods-WhatDidILike.debug.xcconfig */ = {isa = PBXFileReference; includeInIndex = 1; lastKnownFileType = text.xcconfig; name = "Pods-WhatDidILike.debug.xcconfig"; path = "Pods/Target Support Files/Pods-WhatDidILike/Pods-WhatDidILike.debug.xcconfig"; sourceTree = "<group>"; };
		E0767F8A72D5C0E917ADCF53 /* Pods-UnitTests.debug.xcconfig */ = {isa = PBXFileReference; includeInIndex = 1; lastKnownFileType = text.xcconfig; name = "Pods-UnitTests.debug.xcconfig"; path = "Pods/Target Support Files/Pods-UnitTests/Pods-UnitTests.debug.xcconfig"; sourceTree = "<group>"; };
/* End PBXFileReference section */

/* Begin PBXFrameworksBuildPhase section */
		83D49C9F1F4AC16100409B0F /* Frameworks */ = {
			isa = PBXFrameworksBuildPhase;
			buildActionMask = 2147483647;
			files = (
				146991ADF5C9C882E6AABE63 /* Pods_WhatDidILike.framework in Frameworks */,
			);
			runOnlyForDeploymentPostprocessing = 0;
		};
		83D49CB61F4AC16100409B0F /* Frameworks */ = {
			isa = PBXFrameworksBuildPhase;
			buildActionMask = 2147483647;
			files = (
				574B637C32F249F5F9BA6B85 /* Pods_UnitTests.framework in Frameworks */,
			);
			runOnlyForDeploymentPostprocessing = 0;
		};
/* End PBXFrameworksBuildPhase section */

/* Begin PBXGroup section */
		21A163075C1F424B6B602B7B /* Pods */ = {
			isa = PBXGroup;
			children = (
				C19DC61269D8F3C48ED7774F /* Pods-WhatDidILike.debug.xcconfig */,
				53DBFE2078F6DB8452485085 /* Pods-WhatDidILike.release.xcconfig */,
				E0767F8A72D5C0E917ADCF53 /* Pods-UnitTests.debug.xcconfig */,
				767157CB74F1949882EDA2C1 /* Pods-UnitTests.release.xcconfig */,
			);
			name = Pods;
			sourceTree = "<group>";
		};
		37E9A543F5EBBA6AA3C37AB4 /* Frameworks */ = {
			isa = PBXGroup;
			children = (
				6B2F0394E5734A520BA46C48 /* Pods_WhatDidILike.framework */,
				0BBE63A86FA2A915CD1A5741 /* Pods_UnitTests.framework */,
			);
			name = Frameworks;
			sourceTree = "<group>";
		};
		831F625B205F66220046DB09 /* SegmentedControl */ = {
			isa = PBXGroup;
			children = (
				8394680D205CAD510009C318 /* SegmentedControl.swift */,
				83946811205CB70D0009C318 /* SortControl.xib */,
				83946813205CB7180009C318 /* SortControl.swift */,
			);
			path = SegmentedControl;
			sourceTree = "<group>";
		};
		8366CD321F7CA45500E9D6FF /* Location */ = {
			isa = PBXGroup;
			children = (
				8366CD3B1F7CA65F00E9D6FF /* GeocodeAddressToLatLong.h */,
				8366CD391F7CA65F00E9D6FF /* GeocodeAddressToLatLong.m */,
				8366CD361F7CA65F00E9D6FF /* GeocodeAddressToLatLongDelegate.h */,
				8366CD371F7CA65F00E9D6FF /* LatLong.h */,
				8366CD3C1F7CA65F00E9D6FF /* LatLong.m */,
				8366CD3A1F7CA65F00E9D6FF /* LatLongDelegate.h */,
				8366CD351F7CA65F00E9D6FF /* Map.h */,
				8366CD331F7CA65F00E9D6FF /* Map.m */,
				8366CD381F7CA65F00E9D6FF /* MapAnnotation.h */,
				8366CD341F7CA65F00E9D6FF /* MapAnnotation.m */,
			);
			name = Location;
			sourceTree = "<group>";
		};
		836F784E241960F60006D7CA /* Recommendations */ = {
			isa = PBXGroup;
			children = (
				836F784F241961200006D7CA /* Recommendations.swift */,
			);
			name = Recommendations;
			path = Features/Recommendations;
			sourceTree = "<group>";
		};
		837E12571F8F2B4C00D8E4E1 /* Conversion */ = {
			isa = PBXGroup;
			children = (
				837E12581F8F2BBA00D8E4E1 /* ConvertFromV1.swift */,
				837E125E1F8F2C4C00D8E4E1 /* CommentPromptVC.swift */,
				837E125F1F8F2C4C00D8E4E1 /* CommentPromptVC.xib */,
			);
			name = Conversion;
			sourceTree = "<group>";
		};
		837E12651F90827A00D8E4E1 /* Parameters */ = {
			isa = PBXGroup;
			children = (
				837E12661F90827A00D8E4E1 /* Parameters.swift */,
			);
			name = Parameters;
			path = Code/Parameters;
			sourceTree = SOURCE_ROOT;
		};
		8396CE421F4BCBAD00660D73 /* Other files */ = {
			isa = PBXGroup;
			children = (
				8327AEB01F95BE3500E170A2 /* Rating+CoreDataProperties.swift */,
				83D752C71F93D68000EF4E5D /* Location+CoreDataProperties.swift */,
				83A2D5DD1F5CD6B60003C5F9 /* Image+CoreDataProperties.swift */,
				831B04251F5CC7BD000E21C4 /* PlaceList+CoreDataProperties.swift */,
				831B04271F5CC7BD000E21C4 /* PlaceCategory+CoreDataProperties.swift */,
				831B04111F5CC297000E21C4 /* BaseObject+CoreDataProperties.swift */,
				83B496C41F4BE0F40083610D /* Place+CoreDataProperties.swift */,
				8396CE371F4BCB8A00660D73 /* Comment+CoreDataProperties.swift */,
				8396CE2F1F4BCB8A00660D73 /* Item+CoreDataProperties.swift */,
			);
			name = "Other files";
			sourceTree = "<group>";
		};
		83A2D5E31F5CE0DC0003C5F9 /* Place */ = {
			isa = PBXGroup;
			children = (
				83A2D5E81F5CE33A0003C5F9 /* Place.storyboard */,
				83A2D5EA1F5CE3670003C5F9 /* PlaceVC.swift */,
				83A2D5EC1F5CE4330003C5F9 /* PlaceVCCell.swift */,
				83EE7DD01F5DB9F300628CA8 /* PlaceVCCell.xib */,
				83A2D5E61F5CE1310003C5F9 /* PlaceNameView.xib */,
				83A2D5E41F5CE1160003C5F9 /* PlaceNameView.swift */,
				83401D9F1F5CEEB300A96C8D /* PlaceDetailsView.xib */,
				83401D9D1F5CEE8900A96C8D /* PlaceDetailsView.swift */,
				83401DA51F5CFB5300A96C8D /* LocationView.xib */,
				83401DA31F5CFB3D00A96C8D /* LocationView.swift */,
				83D752CB1F93D9BE00EF4E5D /* GPS+Extras.swift */,
				8317E8F31F8731DD004C53BB /* NewObject.xib */,
				8317E8F51F873204004C53BB /* NewObject.swift */,
				8317E8F11F872D74004C53BB /* LocationHeader.xib */,
				8317E8EF1F872D5A004C53BB /* LocationHeader.swift */,
				83B533831F5D0C670028E6B5 /* RatingView.xib */,
				83B533811F5D0C450028E6B5 /* RatingView.swift */,
				83B5337A1F5D09E70028E6B5 /* ItemNameView.xib */,
				83B5337B1F5D09E70028E6B5 /* ItemNameView.swift */,
				83B5337F1F5D0A980028E6B5 /* CommentView.xib */,
				83B5337D1F5D0A6D0028E6B5 /* CommentView.swift */,
				8317E8F71F876E0D004C53BB /* DeletionImpact.swift */,
				83DD5FC51F89ADAC00B23331 /* ShowHideState.swift */,
				838520681F8B2A77001D97D3 /* ImagesView.swift */,
			);
			name = Place;
			sourceTree = "<group>";
		};
		83B496BB1F4BCFB50083610D /* Utilities */ = {
			isa = PBXGroup;
			children = (
				83019F8F1F81730100E1E117 /* Spinner.swift */,
				837788EC1F6608670014B8A2 /* UIResponder+FirstResponder.h */,
				837788EB1F6608670014B8A2 /* UIResponder+FirstResponder.m */,
				837788E91F6607010014B8A2 /* UIViewController+Scrolling.swift */,
				83401D991F5CEA4E00A96C8D /* XibBasics.swift */,
				83401DA71F5CFD7400A96C8D /* Layout.swift */,
				838520691F8B2A77001D97D3 /* ImagesView.xib */,
				83B496BC1F4BCFB50083610D /* Identifiers.swift */,
				83401D9B1F5CEAB000A96C8D /* Types.swift */,
				83401DA11F5CF59F00A96C8D /* UIColor+Extras.swift */,
				837788EE1F66151F0014B8A2 /* UITextField+Extras.swift */,
				837788F21F6673470014B8A2 /* TextField.swift */,
				83A597BD1F6788ED00736DE2 /* TextView.swift */,
				83A597BF1F67961600736DE2 /* ListManager.swift */,
				83A597C41F67A24100736DE2 /* ListManager.xib */,
			);
			path = Utilities;
			sourceTree = "<group>";
		};
		83D49C991F4AC16100409B0F = {
			isa = PBXGroup;
			children = (
				83D49CC81F4AC26900409B0F /* Code */,
				83D49CDB1F4AC2C700409B0F /* UnitTests */,
				83D49CD61F4AC2AA00409B0F /* Resources */,
				83D49CA31F4AC16100409B0F /* Products */,
				21A163075C1F424B6B602B7B /* Pods */,
				37E9A543F5EBBA6AA3C37AB4 /* Frameworks */,
			);
			sourceTree = "<group>";
		};
		83D49CA31F4AC16100409B0F /* Products */ = {
			isa = PBXGroup;
			children = (
				83D49CA21F4AC16100409B0F /* WhatDidILike.app */,
				83D49CB91F4AC16100409B0F /* UnitTests.xctest */,
			);
			name = Products;
			sourceTree = "<group>";
		};
		83D49CC81F4AC26900409B0F /* Code */ = {
			isa = PBXGroup;
			children = (
				8396CE2D1F4BCAD500660D73 /* WhatDidILike-Bridging-Header.h */,
				83D49CCC1F4AC26A00409B0F /* Launch */,
				83D49CE01F4AC3D100409B0F /* Features */,
				83D49CC91F4AC26900409B0F /* Core Data */,
				83B496BB1F4BCFB50083610D /* Utilities */,
			);
			path = Code;
			sourceTree = "<group>";
		};
		83D49CC91F4AC26900409B0F /* Core Data */ = {
			isa = PBXGroup;
			children = (
				83D49CCA1F4AC26900409B0F /* WhatDidILike.xcdatamodeld */,
				831B04241F5CC7BD000E21C4 /* PlaceList.swift */,
				831B04261F5CC7BD000E21C4 /* PlaceCategory.swift */,
				8396CE2E1F4BCB8A00660D73 /* Item.swift */,
				8396CE301F4BCB8A00660D73 /* Place.swift */,
				8396CE361F4BCB8A00660D73 /* Comment.swift */,
				8396CE341F4BCB8A00660D73 /* Location.swift */,
				83B496C01F4BDE300083610D /* CoreDataExtras.swift */,
				83A2D5DC1F5CD6B60003C5F9 /* Image.swift */,
				8327AEAF1F95BE3500E170A2 /* Rating.swift */,
				83019F871F80924400E1E117 /* BaseObject.swift */,
				8396CE421F4BCBAD00660D73 /* Other files */,
			);
			path = "Core Data";
			sourceTree = "<group>";
		};
		83D49CCC1F4AC26A00409B0F /* Launch */ = {
			isa = PBXGroup;
			children = (
				83D49CCD1F4AC26A00409B0F /* AppDelegate.swift */,
				83D49CCE1F4AC26A00409B0F /* LaunchScreen.storyboard */,
			);
			path = Launch;
			sourceTree = "<group>";
		};
		83D49CD61F4AC2AA00409B0F /* Resources */ = {
			isa = PBXGroup;
			children = (
				83D49CD71F4AC2AA00409B0F /* Assets.xcassets */,
				83D49CD81F4AC2AA00409B0F /* Info.plist */,
				830CCC7D1F83276A003668B7 /* rotatingEarth.gif */,
				83FC641F206229490070A7FA /* Settings.bundle */,
			);
			path = Resources;
			sourceTree = SOURCE_ROOT;
		};
		83D49CDB1F4AC2C700409B0F /* UnitTests */ = {
			isa = PBXGroup;
			children = (
				83D49CDC1F4AC2C700409B0F /* Info.plist */,
				83D49CDD1F4AC2C700409B0F /* WhatDidILikeTests.swift */,
			);
			path = UnitTests;
			sourceTree = SOURCE_ROOT;
		};
		83D49CE01F4AC3D100409B0F /* Features */ = {
			isa = PBXGroup;
			children = (
				837E12651F90827A00D8E4E1 /* Parameters */,
				83D49CE11F4AC3E200409B0F /* Main List */,
				83A2D5E31F5CE0DC0003C5F9 /* Place */,
				8366CD321F7CA45500E9D6FF /* Location */,
				83D752CD1F93D9F200EF4E5D /* Sorting and Filtering */,
				836F784E241960F60006D7CA /* Recommendations */,
				837E12571F8F2B4C00D8E4E1 /* Conversion */,
			);
			name = Features;
			sourceTree = "<group>";
		};
		83D49CE11F4AC3E200409B0F /* Main List */ = {
			isa = PBXGroup;
			children = (
				83D49CE21F4AC44F00409B0F /* Main.storyboard */,
				83D49CE31F4AC44F00409B0F /* MainListVC.swift */,
				839DE8AC2057B5A500FD83A5 /* MainListPlaceView.swift */,
				839DE8AE2057B5CD00FD83A5 /* MainListPlaceView.xib */,
			);
			name = "Main List";
			sourceTree = "<group>";
		};
		83D752CD1F93D9F200EF4E5D /* Sorting and Filtering */ = {
			isa = PBXGroup;
			children = (
				83946809205C8E2B0009C318 /* SortyFilter.xib */,
				8394680B205C8EF40009C318 /* SortyFilter.swift */,
				831F6259205F44E00046DB09 /* ApplySortyFilter.swift */,
				831F625B205F66220046DB09 /* SegmentedControl */,
			);
			name = "Sorting and Filtering";
			path = "Features/Sorting and Filtering";
			sourceTree = "<group>";
		};
/* End PBXGroup section */

/* Begin PBXNativeTarget section */
		83D49CA11F4AC16100409B0F /* WhatDidILike */ = {
			isa = PBXNativeTarget;
			buildConfigurationList = 83D49CC21F4AC16100409B0F /* Build configuration list for PBXNativeTarget "WhatDidILike" */;
			buildPhases = (
				D00371FD1DC748056D52BAB5 /* [CP] Check Pods Manifest.lock */,
				83D49C9E1F4AC16100409B0F /* Sources */,
				83D49C9F1F4AC16100409B0F /* Frameworks */,
				83D49CA01F4AC16100409B0F /* Resources */,
				835F44031F4ACB5400A7748B /* ShellScript */,
				BDB74FE3E4CA6835DE3F50C3 /* [CP] Embed Pods Frameworks */,
				83FC6421206229820070A7FA /* ShellScript */,
			);
			buildRules = (
			);
			dependencies = (
			);
			name = WhatDidILike;
			productName = WhatDidILike;
			productReference = 83D49CA21F4AC16100409B0F /* WhatDidILike.app */;
			productType = "com.apple.product-type.application";
		};
		83D49CB81F4AC16100409B0F /* UnitTests */ = {
			isa = PBXNativeTarget;
			buildConfigurationList = 83D49CC51F4AC16100409B0F /* Build configuration list for PBXNativeTarget "UnitTests" */;
			buildPhases = (
				0D7878C6262F94B9C24ACE06 /* [CP] Check Pods Manifest.lock */,
				83D49CB51F4AC16100409B0F /* Sources */,
				83D49CB61F4AC16100409B0F /* Frameworks */,
				83D49CB71F4AC16100409B0F /* Resources */,
			);
			buildRules = (
			);
			dependencies = (
				83D49CBB1F4AC16100409B0F /* PBXTargetDependency */,
			);
			name = UnitTests;
			productName = WhatDidILikeTests;
			productReference = 83D49CB91F4AC16100409B0F /* UnitTests.xctest */;
			productType = "com.apple.product-type.bundle.unit-test";
		};
/* End PBXNativeTarget section */

/* Begin PBXProject section */
		83D49C9A1F4AC16100409B0F /* Project object */ = {
			isa = PBXProject;
			attributes = {
				LastSwiftUpdateCheck = 0830;
				LastUpgradeCheck = 1130;
				ORGANIZATIONNAME = "Spastic Muffin, LLC";
				TargetAttributes = {
					83D49CA11F4AC16100409B0F = {
						CreatedOnToolsVersion = 8.3.2;
						DevelopmentTeam = BH68R29JBE;
						LastSwiftMigration = 1130;
						ProvisioningStyle = Automatic;
					};
					83D49CB81F4AC16100409B0F = {
						CreatedOnToolsVersion = 8.3.2;
						DevelopmentTeam = BH68R29JBE;
						LastSwiftMigration = 1130;
						ProvisioningStyle = Automatic;
						TestTargetID = 83D49CA11F4AC16100409B0F;
					};
				};
			};
			buildConfigurationList = 83D49C9D1F4AC16100409B0F /* Build configuration list for PBXProject "WhatDidILike" */;
			compatibilityVersion = "Xcode 3.2";
			developmentRegion = English;
			hasScannedForEncodings = 0;
			knownRegions = (
				English,
				en,
				Base,
			);
			mainGroup = 83D49C991F4AC16100409B0F;
			productRefGroup = 83D49CA31F4AC16100409B0F /* Products */;
			projectDirPath = "";
			projectRoot = "";
			targets = (
				83D49CA11F4AC16100409B0F /* WhatDidILike */,
				83D49CB81F4AC16100409B0F /* UnitTests */,
			);
		};
/* End PBXProject section */

/* Begin PBXResourcesBuildPhase section */
		83D49CA01F4AC16100409B0F /* Resources */ = {
			isa = PBXResourcesBuildPhase;
			buildActionMask = 2147483647;
			files = (
				8385206B1F8B2A77001D97D3 /* ImagesView.xib in Resources */,
				83946812205CB70D0009C318 /* SortControl.xib in Resources */,
				837E12611F8F2C4C00D8E4E1 /* CommentPromptVC.xib in Resources */,
				830CCC7E1F83276A003668B7 /* rotatingEarth.gif in Resources */,
				8394680A205C8E2B0009C318 /* SortyFilter.xib in Resources */,
				83B533841F5D0C670028E6B5 /* RatingView.xib in Resources */,
				83EE7DD21F5DB9F300628CA8 /* PlaceVCCell.xib in Resources */,
				8317E8F21F872D74004C53BB /* LocationHeader.xib in Resources */,
				83401DA61F5CFB5300A96C8D /* LocationView.xib in Resources */,
				83A2D5E91F5CE33A0003C5F9 /* Place.storyboard in Resources */,
				8317E8F41F8731DD004C53BB /* NewObject.xib in Resources */,
				83A597C61F67A24100736DE2 /* ListManager.xib in Resources */,
				83D49CD31F4AC26A00409B0F /* LaunchScreen.storyboard in Resources */,
				83FC6420206229490070A7FA /* Settings.bundle in Resources */,
				83D49CD91F4AC2AA00409B0F /* Assets.xcassets in Resources */,
				83A2D5E71F5CE1310003C5F9 /* PlaceNameView.xib in Resources */,
				835F44011F4AC75200A7748B /* Main.storyboard in Resources */,
				83B533801F5D0A980028E6B5 /* CommentView.xib in Resources */,
				83EE7DCE1F5D164B00628CA8 /* ItemNameView.xib in Resources */,
				839DE8AF2057B5CD00FD83A5 /* MainListPlaceView.xib in Resources */,
				83401DA01F5CEEB300A96C8D /* PlaceDetailsView.xib in Resources */,
			);
			runOnlyForDeploymentPostprocessing = 0;
		};
		83D49CB71F4AC16100409B0F /* Resources */ = {
			isa = PBXResourcesBuildPhase;
			buildActionMask = 2147483647;
			files = (
				83D49CE41F4AC44F00409B0F /* Main.storyboard in Resources */,
			);
			runOnlyForDeploymentPostprocessing = 0;
		};
/* End PBXResourcesBuildPhase section */

/* Begin PBXShellScriptBuildPhase section */
		0D7878C6262F94B9C24ACE06 /* [CP] Check Pods Manifest.lock */ = {
			isa = PBXShellScriptBuildPhase;
			buildActionMask = 2147483647;
			files = (
			);
			inputFileListPaths = (
			);
			inputPaths = (
				"${PODS_PODFILE_DIR_PATH}/Podfile.lock",
				"${PODS_ROOT}/Manifest.lock",
			);
			name = "[CP] Check Pods Manifest.lock";
			outputFileListPaths = (
			);
			outputPaths = (
				"$(DERIVED_FILE_DIR)/Pods-UnitTests-checkManifestLockResult.txt",
			);
			runOnlyForDeploymentPostprocessing = 0;
			shellPath = /bin/sh;
			shellScript = "diff \"${PODS_PODFILE_DIR_PATH}/Podfile.lock\" \"${PODS_ROOT}/Manifest.lock\" > /dev/null\nif [ $? != 0 ] ; then\n    # print error to STDERR\n    echo \"error: The sandbox is not in sync with the Podfile.lock. Run 'pod install' or update your CocoaPods installation.\" >&2\n    exit 1\nfi\n# This output is used by Xcode 'outputs' to avoid re-running this script phase.\necho \"SUCCESS\" > \"${SCRIPT_OUTPUT_FILE_0}\"\n";
			showEnvVarsInLog = 0;
		};
		835F44031F4ACB5400A7748B /* ShellScript */ = {
			isa = PBXShellScriptBuildPhase;
			buildActionMask = 2147483647;
			files = (
			);
			inputPaths = (
			);
			outputPaths = (
			);
			runOnlyForDeploymentPostprocessing = 0;
			shellPath = /bin/sh;
			shellScript = "\"${PODS_ROOT}/Fabric/run\" 237a6efa41c3712c4dc41003288df88ae5178ace be4decc6d7607c046cfeb875f6566953c885689481a0b1517f8ebe420708cc08";
		};
		83FC6421206229820070A7FA /* ShellScript */ = {
			isa = PBXShellScriptBuildPhase;
			buildActionMask = 2147483647;
			files = (
			);
			inputPaths = (
			);
			outputPaths = (
			);
			runOnlyForDeploymentPostprocessing = 0;
			shellPath = /bin/sh;
			shellScript = "\"$SRCROOT/Tools/LicenseGenerator-iOS/credits.py\" -s \"$SRCROOT\" -o \"$SRCROOT/Resources/Settings.bundle/Acknowledgements.plist\" -e \"$SRCROOT/Tools/LicenseGenerator-iOS/Example,$SRCROOT/Tools/LicenseGenerator-iOS/Tests,$SRCROOT/Pods/SMCoreLib/LICENSE.txt,$SRCROOT/LICENSE\"";
		};
		BDB74FE3E4CA6835DE3F50C3 /* [CP] Embed Pods Frameworks */ = {
			isa = PBXShellScriptBuildPhase;
			buildActionMask = 2147483647;
			files = (
			);
			inputPaths = (
				"${PODS_ROOT}/Target Support Files/Pods-WhatDidILike/Pods-WhatDidILike-frameworks.sh",
				"${BUILT_PRODUCTS_DIR}/BEMCheckBox/BEMCheckBox.framework",
				"${BUILT_PRODUCTS_DIR}/DGRunkeeperSwitch/DGRunkeeperSwitch.framework",
				"${BUILT_PRODUCTS_DIR}/DropDown/DropDown.framework",
				"${BUILT_PRODUCTS_DIR}/FLAnimatedImage/FLAnimatedImage.framework",
				"${BUILT_PRODUCTS_DIR}/HPTextViewTapGestureRecognizer/HPTextViewTapGestureRecognizer.framework",
				"${BUILT_PRODUCTS_DIR}/ImageSlideshow/ImageSlideshow.framework",
				"${BUILT_PRODUCTS_DIR}/M13ProgressSuite/M13ProgressSuite.framework",
				"${BUILT_PRODUCTS_DIR}/Presentr/Presentr.framework",
				"${BUILT_PRODUCTS_DIR}/Reachability/Reachability.framework",
				"${BUILT_PRODUCTS_DIR}/SMCoreLib/SMCoreLib.framework",
				"${BUILT_PRODUCTS_DIR}/SwiftyBeaver/SwiftyBeaver.framework",
				"${BUILT_PRODUCTS_DIR}/TTGEmojiRate/TTGEmojiRate.framework",
			);
			name = "[CP] Embed Pods Frameworks";
			outputPaths = (
				"${TARGET_BUILD_DIR}/${FRAMEWORKS_FOLDER_PATH}/BEMCheckBox.framework",
				"${TARGET_BUILD_DIR}/${FRAMEWORKS_FOLDER_PATH}/DGRunkeeperSwitch.framework",
				"${TARGET_BUILD_DIR}/${FRAMEWORKS_FOLDER_PATH}/DropDown.framework",
				"${TARGET_BUILD_DIR}/${FRAMEWORKS_FOLDER_PATH}/FLAnimatedImage.framework",
				"${TARGET_BUILD_DIR}/${FRAMEWORKS_FOLDER_PATH}/HPTextViewTapGestureRecognizer.framework",
				"${TARGET_BUILD_DIR}/${FRAMEWORKS_FOLDER_PATH}/ImageSlideshow.framework",
				"${TARGET_BUILD_DIR}/${FRAMEWORKS_FOLDER_PATH}/M13ProgressSuite.framework",
				"${TARGET_BUILD_DIR}/${FRAMEWORKS_FOLDER_PATH}/Presentr.framework",
				"${TARGET_BUILD_DIR}/${FRAMEWORKS_FOLDER_PATH}/Reachability.framework",
				"${TARGET_BUILD_DIR}/${FRAMEWORKS_FOLDER_PATH}/SMCoreLib.framework",
				"${TARGET_BUILD_DIR}/${FRAMEWORKS_FOLDER_PATH}/SwiftyBeaver.framework",
				"${TARGET_BUILD_DIR}/${FRAMEWORKS_FOLDER_PATH}/TTGEmojiRate.framework",
			);
			runOnlyForDeploymentPostprocessing = 0;
			shellPath = /bin/sh;
			shellScript = "\"${PODS_ROOT}/Target Support Files/Pods-WhatDidILike/Pods-WhatDidILike-frameworks.sh\"\n";
			showEnvVarsInLog = 0;
		};
		D00371FD1DC748056D52BAB5 /* [CP] Check Pods Manifest.lock */ = {
			isa = PBXShellScriptBuildPhase;
			buildActionMask = 2147483647;
			files = (
			);
			inputPaths = (
				"${PODS_PODFILE_DIR_PATH}/Podfile.lock",
				"${PODS_ROOT}/Manifest.lock",
			);
			name = "[CP] Check Pods Manifest.lock";
			outputPaths = (
				"$(DERIVED_FILE_DIR)/Pods-WhatDidILike-checkManifestLockResult.txt",
			);
			runOnlyForDeploymentPostprocessing = 0;
			shellPath = /bin/sh;
			shellScript = "diff \"${PODS_PODFILE_DIR_PATH}/Podfile.lock\" \"${PODS_ROOT}/Manifest.lock\" > /dev/null\nif [ $? != 0 ] ; then\n    # print error to STDERR\n    echo \"error: The sandbox is not in sync with the Podfile.lock. Run 'pod install' or update your CocoaPods installation.\" >&2\n    exit 1\nfi\n# This output is used by Xcode 'outputs' to avoid re-running this script phase.\necho \"SUCCESS\" > \"${SCRIPT_OUTPUT_FILE_0}\"\n";
			showEnvVarsInLog = 0;
		};
/* End PBXShellScriptBuildPhase section */

/* Begin PBXSourcesBuildPhase section */
		83D49C9E1F4AC16100409B0F /* Sources */ = {
			isa = PBXSourcesBuildPhase;
			buildActionMask = 2147483647;
			files = (
				8394680E205CAD510009C318 /* SegmentedControl.swift in Sources */,
				83946814205CB7180009C318 /* SortControl.swift in Sources */,
				83B533821F5D0C450028E6B5 /* RatingView.swift in Sources */,
				8396CE391F4BCB8A00660D73 /* Item+CoreDataProperties.swift in Sources */,
				837788EA1F6607020014B8A2 /* UIViewController+Scrolling.swift in Sources */,
				83A2D5E51F5CE1160003C5F9 /* PlaceNameView.swift in Sources */,
				83EE7DCD1F5D118700628CA8 /* ItemNameView.swift in Sources */,
				8327AEB61F95BE3500E170A2 /* Rating+CoreDataProperties.swift in Sources */,
				8366CD3D1F7CA65F00E9D6FF /* Map.m in Sources */,
				8396CE381F4BCB8A00660D73 /* Item.swift in Sources */,
				8317E8F61F873204004C53BB /* NewObject.swift in Sources */,
				8396CE3A1F4BCB8A00660D73 /* Place.swift in Sources */,
				83A597BE1F6788ED00736DE2 /* TextView.swift in Sources */,
				837788EF1F66151F0014B8A2 /* UITextField+Extras.swift in Sources */,
				837788ED1F6608670014B8A2 /* UIResponder+FirstResponder.m in Sources */,
				83A2D5ED1F5CE4330003C5F9 /* PlaceVCCell.swift in Sources */,
				8396CE401F4BCB8A00660D73 /* Comment.swift in Sources */,
				83401D9E1F5CEE8900A96C8D /* PlaceDetailsView.swift in Sources */,
				83D752CC1F93D9BE00EF4E5D /* GPS+Extras.swift in Sources */,
				837E12601F8F2C4C00D8E4E1 /* CommentPromptVC.swift in Sources */,
				83A2D5EB1F5CE3670003C5F9 /* PlaceVC.swift in Sources */,
				8317E8F81F876E0D004C53BB /* DeletionImpact.swift in Sources */,
				83401DA21F5CF59F00A96C8D /* UIColor+Extras.swift in Sources */,
				8366CD401F7CA65F00E9D6FF /* LatLong.m in Sources */,
				83A2D5E01F5CD6B60003C5F9 /* Image.swift in Sources */,
				83019F901F81730100E1E117 /* Spinner.swift in Sources */,
				83401DA81F5CFD7400A96C8D /* Layout.swift in Sources */,
				8366CD3F1F7CA65F00E9D6FF /* GeocodeAddressToLatLong.m in Sources */,
				8385206A1F8B2A77001D97D3 /* ImagesView.swift in Sources */,
				831F625A205F44E00046DB09 /* ApplySortyFilter.swift in Sources */,
				837788F31F6673470014B8A2 /* TextField.swift in Sources */,
				83A597C01F67961600736DE2 /* ListManager.swift in Sources */,
				831B04291F5CC7BD000E21C4 /* PlaceList+CoreDataProperties.swift in Sources */,
				835F44021F4AC76C00A7748B /* MainListVC.swift in Sources */,
				839DE8AD2057B5A500FD83A5 /* MainListPlaceView.swift in Sources */,
				831B042B1F5CC7BD000E21C4 /* PlaceCategory+CoreDataProperties.swift in Sources */,
				83401D9A1F5CEA4E00A96C8D /* XibBasics.swift in Sources */,
				83D752CA1F93D73E00EF4E5D /* Location+CoreDataProperties.swift in Sources */,
				83A2D5E11F5CD6B60003C5F9 /* Image+CoreDataProperties.swift in Sources */,
				837E12591F8F2BBA00D8E4E1 /* ConvertFromV1.swift in Sources */,
				83DD5FC61F89ADAC00B23331 /* ShowHideState.swift in Sources */,
				8396CE411F4BCB8A00660D73 /* Comment+CoreDataProperties.swift in Sources */,
				83401DA41F5CFB3D00A96C8D /* LocationView.swift in Sources */,
				83D49CD21F4AC26A00409B0F /* AppDelegate.swift in Sources */,
				83019F891F80924400E1E117 /* BaseObject.swift in Sources */,
				83B496C51F4BE0F40083610D /* Place+CoreDataProperties.swift in Sources */,
				83D49CD11F4AC26A00409B0F /* WhatDidILike.xcdatamodeld in Sources */,
				831B04171F5CC297000E21C4 /* BaseObject+CoreDataProperties.swift in Sources */,
				83B496C11F4BDE300083610D /* CoreDataExtras.swift in Sources */,
				83B5337E1F5D0A6D0028E6B5 /* CommentView.swift in Sources */,
				8396CE3E1F4BCB8A00660D73 /* Location.swift in Sources */,
				8394680C205C8EF40009C318 /* SortyFilter.swift in Sources */,
				831B04281F5CC7BD000E21C4 /* PlaceList.swift in Sources */,
				83401D9C1F5CEAB000A96C8D /* Types.swift in Sources */,
				83B496BD1F4BD0830083610D /* Identifiers.swift in Sources */,
				831B042A1F5CC7BD000E21C4 /* PlaceCategory.swift in Sources */,
				837E12671F90827A00D8E4E1 /* Parameters.swift in Sources */,
				836F7850241961200006D7CA /* Recommendations.swift in Sources */,
				8366CD3E1F7CA65F00E9D6FF /* MapAnnotation.m in Sources */,
				8327AEB51F95BE3500E170A2 /* Rating.swift in Sources */,
				8317E8F01F872D5A004C53BB /* LocationHeader.swift in Sources */,
			);
			runOnlyForDeploymentPostprocessing = 0;
		};
		83D49CB51F4AC16100409B0F /* Sources */ = {
			isa = PBXSourcesBuildPhase;
			buildActionMask = 2147483647;
			files = (
				83D49CDF1F4AC2C700409B0F /* WhatDidILikeTests.swift in Sources */,
			);
			runOnlyForDeploymentPostprocessing = 0;
		};
/* End PBXSourcesBuildPhase section */

/* Begin PBXTargetDependency section */
		83D49CBB1F4AC16100409B0F /* PBXTargetDependency */ = {
			isa = PBXTargetDependency;
			target = 83D49CA11F4AC16100409B0F /* WhatDidILike */;
			targetProxy = 83D49CBA1F4AC16100409B0F /* PBXContainerItemProxy */;
		};
/* End PBXTargetDependency section */

/* Begin XCBuildConfiguration section */
		83D49CC01F4AC16100409B0F /* Debug */ = {
			isa = XCBuildConfiguration;
			buildSettings = {
				ALWAYS_SEARCH_USER_PATHS = NO;
				CLANG_ANALYZER_LOCALIZABILITY_NONLOCALIZED = YES;
				CLANG_ANALYZER_NONNULL = YES;
				CLANG_ANALYZER_NUMBER_OBJECT_CONVERSION = YES_AGGRESSIVE;
				CLANG_CXX_LANGUAGE_STANDARD = "gnu++0x";
				CLANG_CXX_LIBRARY = "libc++";
				CLANG_ENABLE_MODULES = YES;
				CLANG_ENABLE_OBJC_ARC = YES;
				CLANG_WARN_BLOCK_CAPTURE_AUTORELEASING = YES;
				CLANG_WARN_BOOL_CONVERSION = YES;
				CLANG_WARN_COMMA = YES;
				CLANG_WARN_CONSTANT_CONVERSION = YES;
				CLANG_WARN_DEPRECATED_OBJC_IMPLEMENTATIONS = YES;
				CLANG_WARN_DIRECT_OBJC_ISA_USAGE = YES_ERROR;
				CLANG_WARN_DOCUMENTATION_COMMENTS = YES;
				CLANG_WARN_EMPTY_BODY = YES;
				CLANG_WARN_ENUM_CONVERSION = YES;
				CLANG_WARN_INFINITE_RECURSION = YES;
				CLANG_WARN_INT_CONVERSION = YES;
				CLANG_WARN_NON_LITERAL_NULL_CONVERSION = YES;
				CLANG_WARN_OBJC_IMPLICIT_RETAIN_SELF = YES;
				CLANG_WARN_OBJC_LITERAL_CONVERSION = YES;
				CLANG_WARN_OBJC_ROOT_CLASS = YES_ERROR;
				CLANG_WARN_RANGE_LOOP_ANALYSIS = YES;
				CLANG_WARN_STRICT_PROTOTYPES = YES;
				CLANG_WARN_SUSPICIOUS_MOVE = YES;
				CLANG_WARN_UNREACHABLE_CODE = YES;
				CLANG_WARN__DUPLICATE_METHOD_MATCH = YES;
				"CODE_SIGN_IDENTITY[sdk=iphoneos*]" = "iPhone Developer";
				COPY_PHASE_STRIP = NO;
				DEBUG_INFORMATION_FORMAT = dwarf;
				ENABLE_STRICT_OBJC_MSGSEND = YES;
				ENABLE_TESTABILITY = YES;
				GCC_C_LANGUAGE_STANDARD = gnu99;
				GCC_DYNAMIC_NO_PIC = NO;
				GCC_NO_COMMON_BLOCKS = YES;
				GCC_OPTIMIZATION_LEVEL = 0;
				GCC_PREPROCESSOR_DEFINITIONS = (
					"DEBUG=1",
					"$(inherited)",
				);
				GCC_WARN_64_TO_32_BIT_CONVERSION = YES;
				GCC_WARN_ABOUT_RETURN_TYPE = YES_ERROR;
				GCC_WARN_UNDECLARED_SELECTOR = YES;
				GCC_WARN_UNINITIALIZED_AUTOS = YES_AGGRESSIVE;
				GCC_WARN_UNUSED_FUNCTION = YES;
				GCC_WARN_UNUSED_VARIABLE = YES;
				IPHONEOS_DEPLOYMENT_TARGET = 10.3;
				MTL_ENABLE_DEBUG_INFO = YES;
				ONLY_ACTIVE_ARCH = YES;
				SDKROOT = iphoneos;
				SWIFT_ACTIVE_COMPILATION_CONDITIONS = DEBUG;
				SWIFT_OPTIMIZATION_LEVEL = "-Onone";
				TARGETED_DEVICE_FAMILY = "1,2";
			};
			name = Debug;
		};
		83D49CC11F4AC16100409B0F /* Release */ = {
			isa = XCBuildConfiguration;
			buildSettings = {
				ALWAYS_SEARCH_USER_PATHS = NO;
				CLANG_ANALYZER_LOCALIZABILITY_NONLOCALIZED = YES;
				CLANG_ANALYZER_NONNULL = YES;
				CLANG_ANALYZER_NUMBER_OBJECT_CONVERSION = YES_AGGRESSIVE;
				CLANG_CXX_LANGUAGE_STANDARD = "gnu++0x";
				CLANG_CXX_LIBRARY = "libc++";
				CLANG_ENABLE_MODULES = YES;
				CLANG_ENABLE_OBJC_ARC = YES;
				CLANG_WARN_BLOCK_CAPTURE_AUTORELEASING = YES;
				CLANG_WARN_BOOL_CONVERSION = YES;
				CLANG_WARN_COMMA = YES;
				CLANG_WARN_CONSTANT_CONVERSION = YES;
				CLANG_WARN_DEPRECATED_OBJC_IMPLEMENTATIONS = YES;
				CLANG_WARN_DIRECT_OBJC_ISA_USAGE = YES_ERROR;
				CLANG_WARN_DOCUMENTATION_COMMENTS = YES;
				CLANG_WARN_EMPTY_BODY = YES;
				CLANG_WARN_ENUM_CONVERSION = YES;
				CLANG_WARN_INFINITE_RECURSION = YES;
				CLANG_WARN_INT_CONVERSION = YES;
				CLANG_WARN_NON_LITERAL_NULL_CONVERSION = YES;
				CLANG_WARN_OBJC_IMPLICIT_RETAIN_SELF = YES;
				CLANG_WARN_OBJC_LITERAL_CONVERSION = YES;
				CLANG_WARN_OBJC_ROOT_CLASS = YES_ERROR;
				CLANG_WARN_RANGE_LOOP_ANALYSIS = YES;
				CLANG_WARN_STRICT_PROTOTYPES = YES;
				CLANG_WARN_SUSPICIOUS_MOVE = YES;
				CLANG_WARN_UNREACHABLE_CODE = YES;
				CLANG_WARN__DUPLICATE_METHOD_MATCH = YES;
				"CODE_SIGN_IDENTITY[sdk=iphoneos*]" = "iPhone Developer";
				COPY_PHASE_STRIP = NO;
				DEBUG_INFORMATION_FORMAT = "dwarf-with-dsym";
				ENABLE_NS_ASSERTIONS = NO;
				ENABLE_STRICT_OBJC_MSGSEND = YES;
				GCC_C_LANGUAGE_STANDARD = gnu99;
				GCC_NO_COMMON_BLOCKS = YES;
				GCC_WARN_64_TO_32_BIT_CONVERSION = YES;
				GCC_WARN_ABOUT_RETURN_TYPE = YES_ERROR;
				GCC_WARN_UNDECLARED_SELECTOR = YES;
				GCC_WARN_UNINITIALIZED_AUTOS = YES_AGGRESSIVE;
				GCC_WARN_UNUSED_FUNCTION = YES;
				GCC_WARN_UNUSED_VARIABLE = YES;
				IPHONEOS_DEPLOYMENT_TARGET = 10.3;
				MTL_ENABLE_DEBUG_INFO = NO;
				SDKROOT = iphoneos;
				SWIFT_OPTIMIZATION_LEVEL = "-Owholemodule";
				TARGETED_DEVICE_FAMILY = "1,2";
				VALIDATE_PRODUCT = YES;
			};
			name = Release;
		};
		83D49CC31F4AC16100409B0F /* Debug */ = {
			isa = XCBuildConfiguration;
			baseConfigurationReference = C19DC61269D8F3C48ED7774F /* Pods-WhatDidILike.debug.xcconfig */;
			buildSettings = {
				ASSETCATALOG_COMPILER_APPICON_NAME = "AppIcon${BUNDLE_ID_SUFFIX}";
				BUNDLE_ID_SUFFIX = .beta;
				CLANG_ENABLE_MODULES = YES;
				"CODE_SIGN_IDENTITY[sdk=iphoneos*]" = "iPhone Developer";
				CODE_SIGN_STYLE = Automatic;
				DEVELOPMENT_TEAM = BH68R29JBE;
				INFOPLIST_FILE = "$(SRCROOT)/Resources/Info.plist";
				IPHONEOS_DEPLOYMENT_TARGET = 9.3;
				LD_RUNPATH_SEARCH_PATHS = "$(inherited) @executable_path/Frameworks";
				PRODUCT_BUNDLE_IDENTIFIER = com.WhatDidILike;
				PRODUCT_NAME = "$(TARGET_NAME)";
				PROVISIONING_PROFILE_SPECIFIER = "";
				SWIFT_OBJC_BRIDGING_HEADER = "Code/WhatDidILike-Bridging-Header.h";
				SWIFT_OPTIMIZATION_LEVEL = "-Onone";
				SWIFT_SWIFT3_OBJC_INFERENCE = Default;
				SWIFT_VERSION = 4.0;
				TARGETED_DEVICE_FAMILY = 1;
			};
			name = Debug;
		};
		83D49CC41F4AC16100409B0F /* Release */ = {
			isa = XCBuildConfiguration;
			baseConfigurationReference = 53DBFE2078F6DB8452485085 /* Pods-WhatDidILike.release.xcconfig */;
			buildSettings = {
				ASSETCATALOG_COMPILER_APPICON_NAME = "AppIcon${BUNDLE_ID_SUFFIX}";
				BUNDLE_ID_SUFFIX = "";
				CLANG_ENABLE_MODULES = YES;
				"CODE_SIGN_IDENTITY[sdk=iphoneos*]" = "iPhone Developer";
				CODE_SIGN_STYLE = Automatic;
				DEVELOPMENT_TEAM = BH68R29JBE;
				INFOPLIST_FILE = "$(SRCROOT)/Resources/Info.plist";
				IPHONEOS_DEPLOYMENT_TARGET = 9.3;
				LD_RUNPATH_SEARCH_PATHS = "$(inherited) @executable_path/Frameworks";
				PRODUCT_BUNDLE_IDENTIFIER = com.WhatDidILike;
				PRODUCT_NAME = "$(TARGET_NAME)";
				PROVISIONING_PROFILE_SPECIFIER = "";
				SWIFT_OBJC_BRIDGING_HEADER = "Code/WhatDidILike-Bridging-Header.h";
				SWIFT_SWIFT3_OBJC_INFERENCE = Default;
				SWIFT_VERSION = 4.0;
				TARGETED_DEVICE_FAMILY = 1;
			};
			name = Release;
		};
		83D49CC61F4AC16100409B0F /* Debug */ = {
			isa = XCBuildConfiguration;
			baseConfigurationReference = E0767F8A72D5C0E917ADCF53 /* Pods-UnitTests.debug.xcconfig */;
			buildSettings = {
				ALWAYS_EMBED_SWIFT_STANDARD_LIBRARIES = YES;
				BUNDLE_LOADER = "$(TEST_HOST)";
				DEVELOPMENT_TEAM = BH68R29JBE;
				INFOPLIST_FILE = UnitTests/Info.plist;
				LD_RUNPATH_SEARCH_PATHS = "$(inherited) @executable_path/Frameworks @loader_path/Frameworks";
				PRODUCT_BUNDLE_IDENTIFIER = biz.SpasticMuffin.WhatDidILikeTests;
				PRODUCT_NAME = "$(TARGET_NAME)";
				SWIFT_SWIFT3_OBJC_INFERENCE = Default;
				SWIFT_VERSION = 4.0;
				TEST_HOST = "$(BUILT_PRODUCTS_DIR)/WhatDidILike.app/WhatDidILike";
			};
			name = Debug;
		};
		83D49CC71F4AC16100409B0F /* Release */ = {
			isa = XCBuildConfiguration;
			baseConfigurationReference = 767157CB74F1949882EDA2C1 /* Pods-UnitTests.release.xcconfig */;
			buildSettings = {
				ALWAYS_EMBED_SWIFT_STANDARD_LIBRARIES = YES;
				BUNDLE_LOADER = "$(TEST_HOST)";
				DEVELOPMENT_TEAM = BH68R29JBE;
				INFOPLIST_FILE = UnitTests/Info.plist;
				LD_RUNPATH_SEARCH_PATHS = "$(inherited) @executable_path/Frameworks @loader_path/Frameworks";
				PRODUCT_BUNDLE_IDENTIFIER = biz.SpasticMuffin.WhatDidILikeTests;
				PRODUCT_NAME = "$(TARGET_NAME)";
				SWIFT_SWIFT3_OBJC_INFERENCE = Default;
				SWIFT_VERSION = 4.0;
				TEST_HOST = "$(BUILT_PRODUCTS_DIR)/WhatDidILike.app/WhatDidILike";
			};
			name = Release;
		};
/* End XCBuildConfiguration section */

/* Begin XCConfigurationList section */
		83D49C9D1F4AC16100409B0F /* Build configuration list for PBXProject "WhatDidILike" */ = {
			isa = XCConfigurationList;
			buildConfigurations = (
				83D49CC01F4AC16100409B0F /* Debug */,
				83D49CC11F4AC16100409B0F /* Release */,
			);
			defaultConfigurationIsVisible = 0;
			defaultConfigurationName = Release;
		};
		83D49CC21F4AC16100409B0F /* Build configuration list for PBXNativeTarget "WhatDidILike" */ = {
			isa = XCConfigurationList;
			buildConfigurations = (
				83D49CC31F4AC16100409B0F /* Debug */,
				83D49CC41F4AC16100409B0F /* Release */,
			);
			defaultConfigurationIsVisible = 0;
			defaultConfigurationName = Release;
		};
		83D49CC51F4AC16100409B0F /* Build configuration list for PBXNativeTarget "UnitTests" */ = {
			isa = XCConfigurationList;
			buildConfigurations = (
				83D49CC61F4AC16100409B0F /* Debug */,
				83D49CC71F4AC16100409B0F /* Release */,
			);
			defaultConfigurationIsVisible = 0;
			defaultConfigurationName = Release;
		};
/* End XCConfigurationList section */

/* Begin XCVersionGroup section */
		83D49CCA1F4AC26900409B0F /* WhatDidILike.xcdatamodeld */ = {
			isa = XCVersionGroup;
			children = (
				836F7851241ABEA60006D7CA /* WhatDidILike.v3.xcdatamodel */,
				83A0C331205A3CF4009C3AC9 /* WhatDidILike.v2.xcdatamodel */,
				83D49CCB1F4AC26900409B0F /* WhatDidILike.xcdatamodel */,
			);
			currentVersion = 836F7851241ABEA60006D7CA /* WhatDidILike.v3.xcdatamodel */;
			path = WhatDidILike.xcdatamodeld;
			sourceTree = "<group>";
			versionGroupType = wrapper.xcdatamodel;
		};
/* End XCVersionGroup section */
	};
	rootObject = 83D49C9A1F4AC16100409B0F /* Project object */;
}
